
Microsoft Visual Studio Solution File, Format Version 12.00
# Visual Studio Version 17
VisualStudioVersion = 17.11.35312.102
MinimumVisualStudioVersion = 10.0.40219.1
Project("{8BC9CEB8-8B4A-11D0-8D11-00A0C91BC942}") = "Project1", "Project1\Project1.vcxproj", "{F66746C1-0B62-4D85-86DD-50D40EBE73A0}"
EndProject
Global
	GlobalSection(SolutionConfigurationPlatforms) = preSolution
		Debug|x64 = Debug|x64
		Debug|x86 = Debug|x86
		Release|x64 = Release|x64
		Release|x86 = Release|x86
	EndGlobalSection
	GlobalSection(ProjectConfigurationPlatforms) = postSolution
		{F66746C1-0B62-4D85-86DD-50D40EBE73A0}.Debug|x64.ActiveCfg = Debug|x64
		{F66746C1-0B62-4D85-86DD-50D40EBE73A0}.Debug|x64.Build.0 = Debug|x64
		{F66746C1-0B62-4D85-86DD-50D40EBE73A0}.Debug|x86.ActiveCfg = Debug|Win32
		{F66746C1-0B62-4D85-86DD-50D40EBE73A0}.Debug|x86.Build.0 = Debug|Win32
		{F66746C1-0B62-4D85-86DD-50D40EBE73A0}.Release|x64.ActiveCfg = Release|x64
		{F66746C1-0B62-4D85-86DD-50D40EBE73A0}.Release|x64.Build.0 = Release|x64
		{F66746C1-0B62-4D85-86DD-50D40EBE73A0}.Release|x86.ActiveCfg = Release|Win32
		{F66746C1-0B62-4D85-86DD-50D40EBE73A0}.Release|x86.Build.0 = Release|Win32
	EndGlobalSection
	GlobalSection(SolutionProperties) = preSolution
		HideSolutionNode = FALSE
	EndGlobalSection
	GlobalSection(ExtensibilityGlobals) = postSolution
		SolutionGuid = {A7212F97-59B0-40D7-A6B4-B8530C57D437}
	EndGlobalSection
EndGlobal
